// !$*UTF8*$!
{
	archiveVersion = 1;
	classes = {
	};
	objectVersion = 46;
	objects = {

/* Begin PBXBuildFile section */
		AD400A3E1C6674DA00E5E642 /* main.m in Sources */ = {isa = PBXBuildFile; fileRef = AD400A3D1C6674DA00E5E642 /* main.m */; };
		AD400A411C6674DA00E5E642 /* AppDelegate.m in Sources */ = {isa = PBXBuildFile; fileRef = AD400A401C6674DA00E5E642 /* AppDelegate.m */; };
		AD400A441C6674DA00E5E642 /* ViewController.m in Sources */ = {isa = PBXBuildFile; fileRef = AD400A431C6674DA00E5E642 /* ViewController.m */; };
		AD400A471C6674DA00E5E642 /* Main.storyboard in Resources */ = {isa = PBXBuildFile; fileRef = AD400A451C6674DA00E5E642 /* Main.storyboard */; };
		AD400A491C6674DA00E5E642 /* Assets.xcassets in Resources */ = {isa = PBXBuildFile; fileRef = AD400A481C6674DA00E5E642 /* Assets.xcassets */; };
		AD400A4C1C6674DA00E5E642 /* LaunchScreen.storyboard in Resources */ = {isa = PBXBuildFile; fileRef = AD400A4A1C6674DA00E5E642 /* LaunchScreen.storyboard */; };
		AD400A571C6674DA00E5E642 /* IntrnTests.m in Sources */ = {isa = PBXBuildFile; fileRef = AD400A561C6674DA00E5E642 /* IntrnTests.m */; };
		AD400A621C6674DA00E5E642 /* IntrnUITests.m in Sources */ = {isa = PBXBuildFile; fileRef = AD400A611C6674DA00E5E642 /* IntrnUITests.m */; };
/* End PBXBuildFile section */

/* Begin PBXContainerItemProxy section */
		AD400A531C6674DA00E5E642 /* PBXContainerItemProxy */ = {
			isa = PBXContainerItemProxy;
			containerPortal = AD400A311C6674DA00E5E642 /* Project object */;
			proxyType = 1;
			remoteGlobalIDString = AD400A381C6674DA00E5E642;
			remoteInfo = Intrn;
		};
		AD400A5E1C6674DA00E5E642 /* PBXContainerItemProxy */ = {
			isa = PBXContainerItemProxy;
			containerPortal = AD400A311C6674DA00E5E642 /* Project object */;
			proxyType = 1;
			remoteGlobalIDString = AD400A381C6674DA00E5E642;
			remoteInfo = Intrn;
		};
/* End PBXContainerItemProxy section */

/* Begin PBXFileReference section */
		AD400A391C6674DA00E5E642 /* Intrn.app */ = {isa = PBXFileReference; explicitFileType = wrapper.application; includeInIndex = 0; path = Intrn.app; sourceTree = BUILT_PRODUCTS_DIR; };
		AD400A3D1C6674DA00E5E642 /* main.m */ = {isa = PBXFileReference; lastKnownFileType = sourcecode.c.objc; path = main.m; sourceTree = "<group>"; };
		AD400A3F1C6674DA00E5E642 /* AppDelegate.h */ = {isa = PBXFileReference; lastKnownFileType = sourcecode.c.h; path = AppDelegate.h; sourceTree = "<group>"; };
		AD400A401C6674DA00E5E642 /* AppDelegate.m */ = {isa = PBXFileReference; lastKnownFileType = sourcecode.c.objc; path = AppDelegate.m; sourceTree = "<group>"; };
		AD400A421C6674DA00E5E642 /* ViewController.h */ = {isa = PBXFileReference; lastKnownFileType = sourcecode.c.h; path = ViewController.h; sourceTree = "<group>"; };
		AD400A431C6674DA00E5E642 /* ViewController.m */ = {isa = PBXFileReference; lastKnownFileType = sourcecode.c.objc; path = ViewController.m; sourceTree = "<group>"; };
		AD400A461C6674DA00E5E642 /* Base */ = {isa = PBXFileReference; lastKnownFileType = file.storyboard; name = Base; path = Base.lproj/Main.storyboard; sourceTree = "<group>"; };
		AD400A481C6674DA00E5E642 /* Assets.xcassets */ = {isa = PBXFileReference; lastKnownFileType = folder.assetcatalog; path = Assets.xcassets; sourceTree = "<group>"; };
		AD400A4B1C6674DA00E5E642 /* Base */ = {isa = PBXFileReference; lastKnownFileType = file.storyboard; name = Base; path = Base.lproj/LaunchScreen.storyboard; sourceTree = "<group>"; };
		AD400A4D1C6674DA00E5E642 /* Info.plist */ = {isa = PBXFileReference; lastKnownFileType = text.plist.xml; path = Info.plist; sourceTree = "<group>"; };
		AD400A521C6674DA00E5E642 /* IntrnTests.xctest */ = {isa = PBXFileReference; explicitFileType = wrapper.cfbundle; includeInIndex = 0; path = IntrnTests.xctest; sourceTree = BUILT_PRODUCTS_DIR; };
		AD400A561C6674DA00E5E642 /* IntrnTests.m */ = {isa = PBXFileReference; lastKnownFileType = sourcecode.c.objc; path = IntrnTests.m; sourceTree = "<group>"; };
		AD400A581C6674DA00E5E642 /* Info.plist */ = {isa = PBXFileReference; lastKnownFileType = text.plist.xml; path = Info.plist; sourceTree = "<group>"; };
		AD400A5D1C6674DA00E5E642 /* IntrnUITests.xctest */ = {isa = PBXFileReference; explicitFileType = wrapper.cfbundle; includeInIndex = 0; path = IntrnUITests.xctest; sourceTree = BUILT_PRODUCTS_DIR; };
		AD400A611C6674DA00E5E642 /* IntrnUITests.m */ = {isa = PBXFileReference; lastKnownFileType = sourcecode.c.objc; path = IntrnUITests.m; sourceTree = "<group>"; };
		AD400A631C6674DA00E5E642 /* Info.plist */ = {isa = PBXFileReference; lastKnownFileType = text.plist.xml; path = Info.plist; sourceTree = "<group>"; };
/* End PBXFileReference section */

/* Begin PBXFrameworksBuildPhase section */
		AD400A361C6674DA00E5E642 /* Frameworks */ = {
			isa = PBXFrameworksBuildPhase;
			buildActionMask = 2147483647;
			files = (
			);
			runOnlyForDeploymentPostprocessing = 0;
		};
		AD400A4F1C6674DA00E5E642 /* Frameworks */ = {
			isa = PBXFrameworksBuildPhase;
			buildActionMask = 2147483647;
			files = (
			);
			runOnlyForDeploymentPostprocessing = 0;
		};
		AD400A5A1C6674DA00E5E642 /* Frameworks */ = {
			isa = PBXFrameworksBuildPhase;
			buildActionMask = 2147483647;
			files = (
			);
			runOnlyForDeploymentPostprocessing = 0;
		};
/* End PBXFrameworksBuildPhase section */

/* Begin PBXGroup section */
		AD400A301C6674DA00E5E642 = {
			isa = PBXGroup;
			children = (
				AD400A3B1C6674DA00E5E642 /* Intrn */,
				AD400A551C6674DA00E5E642 /* IntrnTests */,
				AD400A601C6674DA00E5E642 /* IntrnUITests */,
				AD400A3A1C6674DA00E5E642 /* Products */,
			);
			sourceTree = "<group>";
		};
		AD400A3A1C6674DA00E5E642 /* Products */ = {
			isa = PBXGroup;
			children = (
				AD400A391C6674DA00E5E642 /* Intrn.app */,
				AD400A521C6674DA00E5E642 /* IntrnTests.xctest */,
				AD400A5D1C6674DA00E5E642 /* IntrnUITests.xctest */,
			);
			name = Products;
			sourceTree = "<group>";
		};
		AD400A3B1C6674DA00E5E642 /* Intrn */ = {
			isa = PBXGroup;
			children = (
				AD400A3F1C6674DA00E5E642 /* AppDelegate.h */,
				AD400A401C6674DA00E5E642 /* AppDelegate.m */,
				AD400A421C6674DA00E5E642 /* ViewController.h */,
				AD400A431C6674DA00E5E642 /* ViewController.m */,
				AD400A451C6674DA00E5E642 /* Main.storyboard */,
				AD400A481C6674DA00E5E642 /* Assets.xcassets */,
				AD400A4A1C6674DA00E5E642 /* LaunchScreen.storyboard */,
				AD400A4D1C6674DA00E5E642 /* Info.plist */,
				AD400A3C1C6674DA00E5E642 /* Supporting Files */,
			);
			path = Intrn;
			sourceTree = "<group>";
		};
		AD400A3C1C6674DA00E5E642 /* Supporting Files */ = {
			isa = PBXGroup;
			children = (
				AD400A3D1C6674DA00E5E642 /* main.m */,
			);
			name = "Supporting Files";
			sourceTree = "<group>";
		};
		AD400A551C6674DA00E5E642 /* IntrnTests */ = {
			isa = PBXGroup;
			children = (
				AD400A561C6674DA00E5E642 /* IntrnTests.m */,
				AD400A581C6674DA00E5E642 /* Info.plist */,
			);
			path = IntrnTests;
			sourceTree = "<group>";
		};
		AD400A601C6674DA00E5E642 /* IntrnUITests */ = {
			isa = PBXGroup;
			children = (
				AD400A611C6674DA00E5E642 /* IntrnUITests.m */,
				AD400A631C6674DA00E5E642 /* Info.plist */,
			);
			path = IntrnUITests;
			sourceTree = "<group>";
		};
/* End PBXGroup section */

/* Begin PBXNativeTarget section */
		AD400A381C6674DA00E5E642 /* Intrn */ = {
			isa = PBXNativeTarget;
			buildConfigurationList = AD400A661C6674DA00E5E642 /* Build configuration list for PBXNativeTarget "Intrn" */;
			buildPhases = (
				AD400A351C6674DA00E5E642 /* Sources */,
				AD400A361C6674DA00E5E642 /* Frameworks */,
				AD400A371C6674DA00E5E642 /* Resources */,
			);
			buildRules = (
			);
			dependencies = (
			);
			name = Intrn;
			productName = Intrn;
			productReference = AD400A391C6674DA00E5E642 /* Intrn.app */;
			productType = "com.apple.product-type.application";
		};
		AD400A511C6674DA00E5E642 /* IntrnTests */ = {
			isa = PBXNativeTarget;
			buildConfigurationList = AD400A691C6674DA00E5E642 /* Build configuration list for PBXNativeTarget "IntrnTests" */;
			buildPhases = (
				AD400A4E1C6674DA00E5E642 /* Sources */,
				AD400A4F1C6674DA00E5E642 /* Frameworks */,
				AD400A501C6674DA00E5E642 /* Resources */,
			);
			buildRules = (
			);
			dependencies = (
				AD400A541C6674DA00E5E642 /* PBXTargetDependency */,
			);
			name = IntrnTests;
			productName = IntrnTests;
			productReference = AD400A521C6674DA00E5E642 /* IntrnTests.xctest */;
			productType = "com.apple.product-type.bundle.unit-test";
		};
		AD400A5C1C6674DA00E5E642 /* IntrnUITests */ = {
			isa = PBXNativeTarget;
			buildConfigurationList = AD400A6C1C6674DA00E5E642 /* Build configuration list for PBXNativeTarget "IntrnUITests" */;
			buildPhases = (
				AD400A591C6674DA00E5E642 /* Sources */,
				AD400A5A1C6674DA00E5E642 /* Frameworks */,
				AD400A5B1C6674DA00E5E642 /* Resources */,
			);
			buildRules = (
			);
			dependencies = (
				AD400A5F1C6674DA00E5E642 /* PBXTargetDependency */,
			);
			name = IntrnUITests;
			productName = IntrnUITests;
			productReference = AD400A5D1C6674DA00E5E642 /* IntrnUITests.xctest */;
			productType = "com.apple.product-type.bundle.ui-testing";
		};
/* End PBXNativeTarget section */

/* Begin PBXProject section */
		AD400A311C6674DA00E5E642 /* Project object */ = {
			isa = PBXProject;
			attributes = {
				LastUpgradeCheck = 0720;
				ORGANIZATIONNAME = "Joy Hsu";
				TargetAttributes = {
					AD400A381C6674DA00E5E642 = {
						CreatedOnToolsVersion = 7.2;
					};
					AD400A511C6674DA00E5E642 = {
						CreatedOnToolsVersion = 7.2;
						TestTargetID = AD400A381C6674DA00E5E642;
					};
					AD400A5C1C6674DA00E5E642 = {
						CreatedOnToolsVersion = 7.2;
						TestTargetID = AD400A381C6674DA00E5E642;
					};
				};
			};
			buildConfigurationList = AD400A341C6674DA00E5E642 /* Build configuration list for PBXProject "Intrn" */;
			compatibilityVersion = "Xcode 3.2";
			developmentRegion = English;
			hasScannedForEncodings = 0;
			knownRegions = (
				en,
				Base,
			);
			mainGroup = AD400A301C6674DA00E5E642;
			productRefGroup = AD400A3A1C6674DA00E5E642 /* Products */;
			projectDirPath = "";
			projectRoot = "";
			targets = (
				AD400A381C6674DA00E5E642 /* Intrn */,
				AD400A511C6674DA00E5E642 /* IntrnTests */,
				AD400A5C1C6674DA00E5E642 /* IntrnUITests */,
			);
		};
/* End PBXProject section */

/* Begin PBXResourcesBuildPhase section */
		AD400A371C6674DA00E5E642 /* Resources */ = {
			isa = PBXResourcesBuildPhase;
			buildActionMask = 2147483647;
			files = (
				AD400A4C1C6674DA00E5E642 /* LaunchScreen.storyboard in Resources */,
				AD400A491C6674DA00E5E642 /* Assets.xcassets in Resources */,
				AD400A471C6674DA00E5E642 /* Main.storyboard in Resources */,
			);
			runOnlyForDeploymentPostprocessing = 0;
		};
		AD400A501C6674DA00E5E642 /* Resources */ = {
			isa = PBXResourcesBuildPhase;
			buildActionMask = 2147483647;
			files = (
			);
			runOnlyForDeploymentPostprocessing = 0;
		};
		AD400A5B1C6674DA00E5E642 /* Resources */ = {
			isa = PBXResourcesBuildPhase;
			buildActionMask = 2147483647;
			files = (
			);
			runOnlyForDeploymentPostprocessing = 0;
		};
/* End PBXResourcesBuildPhase section */

/* Begin PBXSourcesBuildPhase section */
		AD400A351C6674DA00E5E642 /* Sources */ = {
			isa = PBXSourcesBuildPhase;
			buildActionMask = 2147483647;
			files = (
				AD400A441C6674DA00E5E642 /* ViewController.m in Sources */,
				AD400A411C6674DA00E5E642 /* AppDelegate.m in Sources */,
				AD400A3E1C6674DA00E5E642 /* main.m in Sources */,
			);
			runOnlyForDeploymentPostprocessing = 0;
		};
		AD400A4E1C6674DA00E5E642 /* Sources */ = {
			isa = PBXSourcesBuildPhase;
			buildActionMask = 2147483647;
			files = (
				AD400A571C6674DA00E5E642 /* IntrnTests.m in Sources */,
			);
			runOnlyForDeploymentPostprocessing = 0;
		};
		AD400A591C6674DA00E5E642 /* Sources */ = {
			isa = PBXSourcesBuildPhase;
			buildActionMask = 2147483647;
			files = (
				AD400A621C6674DA00E5E642 /* IntrnUITests.m in Sources */,
			);
			runOnlyForDeploymentPostprocessing = 0;
		};
/* End PBXSourcesBuildPhase section */

/* Begin PBXTargetDependency section */
		AD400A541C6674DA00E5E642 /* PBXTargetDependency */ = {
			isa = PBXTargetDependency;
			target = AD400A381C6674DA00E5E642 /* Intrn */;
			targetProxy = AD400A531C6674DA00E5E642 /* PBXContainerItemProxy */;
		};
		AD400A5F1C6674DA00E5E642 /* PBXTargetDependency */ = {
			isa = PBXTargetDependency;
			target = AD400A381C6674DA00E5E642 /* Intrn */;
			targetProxy = AD400A5E1C6674DA00E5E642 /* PBXContainerItemProxy */;
		};
/* End PBXTargetDependency section */

/* Begin PBXVariantGroup section */
		AD400A451C6674DA00E5E642 /* Main.storyboard */ = {
			isa = PBXVariantGroup;
			children = (
				AD400A461C6674DA00E5E642 /* Base */,
			);
			name = Main.storyboard;
			sourceTree = "<group>";
		};
		AD400A4A1C6674DA00E5E642 /* LaunchScreen.storyboard */ = {
			isa = PBXVariantGroup;
			children = (
				AD400A4B1C6674DA00E5E642 /* Base */,
			);
			name = LaunchScreen.storyboard;
			sourceTree = "<group>";
		};
/* End PBXVariantGroup section */

/* Begin XCBuildConfiguration section */
		AD400A641C6674DA00E5E642 /* Debug */ = {
			isa = XCBuildConfiguration;
			buildSettings = {
				ALWAYS_SEARCH_USER_PATHS = NO;
				CLANG_CXX_LANGUAGE_STANDARD = "gnu++0x";
				CLANG_CXX_LIBRARY = "libc++";
				CLANG_ENABLE_MODULES = YES;
				CLANG_ENABLE_OBJC_ARC = YES;
				CLANG_WARN_BOOL_CONVERSION = YES;
				CLANG_WARN_CONSTANT_CONVERSION = YES;
				CLANG_WARN_DIRECT_OBJC_ISA_USAGE = YES_ERROR;
				CLANG_WARN_EMPTY_BODY = YES;
				CLANG_WARN_ENUM_CONVERSION = YES;
				CLANG_WARN_INT_CONVERSION = YES;
				CLANG_WARN_OBJC_ROOT_CLASS = YES_ERROR;
				CLANG_WARN_UNREACHABLE_CODE = YES;
				CLANG_WARN__DUPLICATE_METHOD_MATCH = YES;
				"CODE_SIGN_IDENTITY[sdk=iphoneos*]" = "iPhone Developer";
				COPY_PHASE_STRIP = NO;
				DEBUG_INFORMATION_FORMAT = dwarf;
				ENABLE_STRICT_OBJC_MSGSEND = YES;
				ENABLE_TESTABILITY = YES;
				GCC_C_LANGUAGE_STANDARD = gnu99;
				GCC_DYNAMIC_NO_PIC = NO;
				GCC_NO_COMMON_BLOCKS = YES;
				GCC_OPTIMIZATION_LEVEL = 0;
				GCC_PREPROCESSOR_DEFINITIONS = (
					"DEBUG=1",
					"$(inherited)",
				);
				GCC_WARN_64_TO_32_BIT_CONVERSION = YES;
				GCC_WARN_ABOUT_RETURN_TYPE = YES_ERROR;
				GCC_WARN_UNDECLARED_SELECTOR = YES;
				GCC_WARN_UNINITIALIZED_AUTOS = YES_AGGRESSIVE;
				GCC_WARN_UNUSED_FUNCTION = YES;
				GCC_WARN_UNUSED_VARIABLE = YES;
				IPHONEOS_DEPLOYMENT_TARGET = 9.2;
				MTL_ENABLE_DEBUG_INFO = YES;
				ONLY_ACTIVE_ARCH = YES;
				SDKROOT = iphoneos;
				TARGETED_DEVICE_FAMILY = "1,2";
			};
			name = Debug;
		};
		AD400A651C6674DA00E5E642 /* Release */ = {
			isa = XCBuildConfiguration;
			buildSettings = {
				ALWAYS_SEARCH_USER_PATHS = NO;
				CLANG_CXX_LANGUAGE_STANDARD = "gnu++0x";
				CLANG_CXX_LIBRARY = "libc++";
				CLANG_ENABLE_MODULES = YES;
				CLANG_ENABLE_OBJC_ARC = YES;
				CLANG_WARN_BOOL_CONVERSION = YES;
				CLANG_WARN_CONSTANT_CONVERSION = YES;
				CLANG_WARN_DIRECT_OBJC_ISA_USAGE = YES_ERROR;
				CLANG_WARN_EMPTY_BODY = YES;
				CLANG_WARN_ENUM_CONVERSION = YES;
				CLANG_WARN_INT_CONVERSION = YES;
				CLANG_WARN_OBJC_ROOT_CLASS = YES_ERROR;
				CLANG_WARN_UNREACHABLE_CODE = YES;
				CLANG_WARN__DUPLICATE_METHOD_MATCH = YES;
				"CODE_SIGN_IDENTITY[sdk=iphoneos*]" = "iPhone Developer";
				COPY_PHASE_STRIP = NO;
				DEBUG_INFORMATION_FORMAT = "dwarf-with-dsym";
				ENABLE_NS_ASSERTIONS = NO;
				ENABLE_STRICT_OBJC_MSGSEND = YES;
				GCC_C_LANGUAGE_STANDARD = gnu99;
				GCC_NO_COMMON_BLOCKS = YES;
				GCC_WARN_64_TO_32_BIT_CONVERSION = YES;
				GCC_WARN_ABOUT_RETURN_TYPE = YES_ERROR;
				GCC_WARN_UNDECLARED_SELECTOR = YES;
				GCC_WARN_UNINITIALIZED_AUTOS = YES_AGGRESSIVE;
				GCC_WARN_UNUSED_FUNCTION = YES;
				GCC_WARN_UNUSED_VARIABLE = YES;
				IPHONEOS_DEPLOYMENT_TARGET = 9.2;
				MTL_ENABLE_DEBUG_INFO = NO;
				SDKROOT = iphoneos;
				TARGETED_DEVICE_FAMILY = "1,2";
				VALIDATE_PRODUCT = YES;
			};
			name = Release;
		};
		AD400A671C6674DA00E5E642 /* Debug */ = {
			isa = XCBuildConfiguration;
			buildSettings = {
				ASSETCATALOG_COMPILER_APPICON_NAME = AppIcon;
				INFOPLIST_FILE = Intrn/Info.plist;
				LD_RUNPATH_SEARCH_PATHS = "$(inherited) @executable_path/Frameworks";
				PRODUCT_BUNDLE_IDENTIFIER = joyhsu.Intrn;
				PRODUCT_NAME = "$(TARGET_NAME)";
			};
			name = Debug;
		};
		AD400A681C6674DA00E5E642 /* Release */ = {
			isa = XCBuildConfiguration;
			buildSettings = {
				ASSETCATALOG_COMPILER_APPICON_NAME = AppIcon;
				INFOPLIST_FILE = Intrn/Info.plist;
				LD_RUNPATH_SEARCH_PATHS = "$(inherited) @executable_path/Frameworks";
				PRODUCT_BUNDLE_IDENTIFIER = joyhsu.Intrn;
				PRODUCT_NAME = "$(TARGET_NAME)";
			};
			name = Release;
		};
		AD400A6A1C6674DA00E5E642 /* Debug */ = {
			isa = XCBuildConfiguration;
			buildSettings = {
				BUNDLE_LOADER = "$(TEST_HOST)";
				INFOPLIST_FILE = IntrnTests/Info.plist;
				LD_RUNPATH_SEARCH_PATHS = "$(inherited) @executable_path/Frameworks @loader_path/Frameworks";
				PRODUCT_BUNDLE_IDENTIFIER = joyhsu.IntrnTests;
				PRODUCT_NAME = "$(TARGET_NAME)";
				TEST_HOST = "$(BUILT_PRODUCTS_DIR)/Intrn.app/Intrn";
			};
			name = Debug;
		};
		AD400A6B1C6674DA00E5E642 /* Release */ = {
			isa = XCBuildConfiguration;
			buildSettings = {
				BUNDLE_LOADER = "$(TEST_HOST)";
				INFOPLIST_FILE = IntrnTests/Info.plist;
				LD_RUNPATH_SEARCH_PATHS = "$(inherited) @executable_path/Frameworks @loader_path/Frameworks";
				PRODUCT_BUNDLE_IDENTIFIER = joyhsu.IntrnTests;
				PRODUCT_NAME = "$(TARGET_NAME)";
				TEST_HOST = "$(BUILT_PRODUCTS_DIR)/Intrn.app/Intrn";
			};
			name = Release;
		};
		AD400A6D1C6674DA00E5E642 /* Debug */ = {
			isa = XCBuildConfiguration;
			buildSettings = {
				INFOPLIST_FILE = IntrnUITests/Info.plist;
				LD_RUNPATH_SEARCH_PATHS = "$(inherited) @executable_path/Frameworks @loader_path/Frameworks";
				PRODUCT_BUNDLE_IDENTIFIER = joyhsu.IntrnUITests;
				PRODUCT_NAME = "$(TARGET_NAME)";
				TEST_TARGET_NAME = Intrn;
				USES_XCTRUNNER = YES;
			};
			name = Debug;
		};
		AD400A6E1C6674DA00E5E642 /* Release */ = {
			isa = XCBuildConfiguration;
			buildSettings = {
				INFOPLIST_FILE = IntrnUITests/Info.plist;
				LD_RUNPATH_SEARCH_PATHS = "$(inherited) @executable_path/Frameworks @loader_path/Frameworks";
				PRODUCT_BUNDLE_IDENTIFIER = joyhsu.IntrnUITests;
				PRODUCT_NAME = "$(TARGET_NAME)";
				TEST_TARGET_NAME = Intrn;
				USES_XCTRUNNER = YES;
			};
			name = Release;
		};
/* End XCBuildConfiguration section */

/* Begin XCConfigurationList section */
		AD400A341C6674DA00E5E642 /* Build configuration list for PBXProject "Intrn" */ = {
			isa = XCConfigurationList;
			buildConfigurations = (
				AD400A641C6674DA00E5E642 /* Debug */,
				AD400A651C6674DA00E5E642 /* Release */,
			);
			defaultConfigurationIsVisible = 0;
			defaultConfigurationName = Release;
		};
		AD400A661C6674DA00E5E642 /* Build configuration list for PBXNativeTarget "Intrn" */ = {
			isa = XCConfigurationList;
			buildConfigurations = (
				AD400A671C6674DA00E5E642 /* Debug */,
				AD400A681C6674DA00E5E642 /* Release */,
			);
			defaultConfigurationIsVisible = 0;
		};
		AD400A691C6674DA00E5E642 /* Build configuration list for PBXNativeTarget "IntrnTests" */ = {
			isa = XCConfigurationList;
			buildConfigurations = (
				AD400A6A1C6674DA00E5E642 /* Debug */,
				AD400A6B1C6674DA00E5E642 /* Release */,
			);
			defaultConfigurationIsVisible = 0;
		};
		AD400A6C1C6674DA00E5E642 /* Build configuration list for PBXNativeTarget "IntrnUITests" */ = {
			isa = XCConfigurationList;
			buildConfigurations = (
				AD400A6D1C6674DA00E5E642 /* Debug */,
				AD400A6E1C6674DA00E5E642 /* Release */,
			);
			defaultConfigurationIsVisible = 0;
		};
/* End XCConfigurationList section */
	};
	rootObject = AD400A311C6674DA00E5E642 /* Project object */;
}
